PODS:
  - Flutter (1.0.0)
  - flutter_callkeep (0.1.8):
    - Flutter

DEPENDENCIES:
  - Flutter (from `Flutter`)
  - flutter_callkeep (from `.symlinks/plugins/flutter_callkeep/ios`)

EXTERNAL SOURCES:
  Flutter:
    :path: Flutter
  flutter_callkeep:
    :path: ".symlinks/plugins/flutter_callkeep/ios"

SPEC CHECKSUMS:
  Flutter: 0e3d915762c693b495b44d77113d4970485de6ec
  flutter_callkeep: bf16ff30d3443373c6550e780c990b39ce31ff5a

PODFILE CHECKSUM: fe0e1ee7f3d1f7d00b11b474b62dd62134535aea

COCOAPODS: 1.9.3
